{
  "name": "game",
  "version": "1.0.0",
  "lockfileVersion": 1,
  "requires": true,
  "dependencies": {
    "colors": {
      "version": "1.4.0",
      "resolved": "https://registry.npmjs.org/colors/-/colors-1.4.0.tgz",
      "integrity": "sha512-a+UqTh4kgZg/SlGvfbzDHpgRu7AAQOmmqRHJnxhRZICKFUT91brVhNNt58CMWU9PsBbv3PDCZUHbVxuDiH2mtA=="
    },
    "pubsub-js": {
      "version": "1.8.0",
      "resolved": "https://registry.npmjs.org/pubsub-js/-/pubsub-js-1.8.0.tgz",
      "integrity": "sha512-z/61CZMA+jaQpBU0QSWkC4w6lX3tPbOdtl1h2UWac4sn6dkWfx7ND75SsN6U0amczdI66PqfuXXD0Ad7tnbaQg=="
    }
  }
}
